PODS:
  - Expecta (1.0.6)
  - Specta (1.0.7)
  - xcsDbMOC (0.1.0)

DEPENDENCIES:
  - Expecta
  - Specta
  - xcsDbMOC (from `../`)

EXTERNAL SOURCES:
  xcsDbMOC:
    :path: ../

SPEC CHECKSUMS:
  Expecta: 3b6bd90a64b9a1dcb0b70aa0e10a7f8f631667d5
  Specta: 3e1bd89c3517421982dc4d1c992503e48bd5fe66
  xcsDbMOC: a31e808230c42eb52ab6b33cbeef419c37330dc7

PODFILE CHECKSUM: 31759ee42c209d12b04970afd1013f416251ae8b

COCOAPODS: 1.4.0
